// !$*UTF8*$!
{
	archiveVersion = 1;
	classes = {
	};
	objectVersion = 56;
	objects = {

/* Begin PBXBuildFile section */
		D27B6DB02BF7C44D00BE118C /* FocusMasterApp.swift in Sources */ = {isa = PBXBuildFile; fileRef = D27B6DAF2BF7C44D00BE118C /* FocusMasterApp.swift */; };
		D27B6DB42BF7C44F00BE118C /* Assets.xcassets in Resources */ = {isa = PBXBuildFile; fileRef = D27B6DB32BF7C44F00BE118C /* Assets.xcassets */; };
		D27B6DB72BF7C44F00BE118C /* Preview Assets.xcassets in Resources */ = {isa = PBXBuildFile; fileRef = D27B6DB62BF7C44F00BE118C /* Preview Assets.xcassets */; };
		D27B6DC42BF8946500BE118C /* stop.mp3 in Resources */ = {isa = PBXBuildFile; fileRef = D27B6DC32BF8946500BE118C /* stop.mp3 */; };
		D2A7AB1A2BF94A7100E3E58A /* SoundManager.swift in Sources */ = {isa = PBXBuildFile; fileRef = D2A7AB192BF94A7100E3E58A /* SoundManager.swift */; };
		D2A7AB1F2BF94A8900E3E58A /* ContentView.swift in Sources */ = {isa = PBXBuildFile; fileRef = D2A7AB1B2BF94A8900E3E58A /* ContentView.swift */; };
		D2A7AB202BF94A8900E3E58A /* AddTasks.swift in Sources */ = {isa = PBXBuildFile; fileRef = D2A7AB1C2BF94A8900E3E58A /* AddTasks.swift */; };
		D2A7AB212BF94A8900E3E58A /* TimerView.swift in Sources */ = {isa = PBXBuildFile; fileRef = D2A7AB1D2BF94A8900E3E58A /* TimerView.swift */; };
		D2A7AB222BF94A8900E3E58A /* TaskView.swift in Sources */ = {isa = PBXBuildFile; fileRef = D2A7AB1E2BF94A8900E3E58A /* TaskView.swift */; };
		D2BC906E2BFB290700D5FBD7 /* TaskModel.swift in Sources */ = {isa = PBXBuildFile; fileRef = D2BC906D2BFB290700D5FBD7 /* TaskModel.swift */; };
		D2BC90702BFB2E7100D5FBD7 /* TaskDetailScreen.swift in Sources */ = {isa = PBXBuildFile; fileRef = D2BC906F2BFB2E7100D5FBD7 /* TaskDetailScreen.swift */; };
		D2C5ABA42BFE228D00817DD3 /* SettingsView.swift in Sources */ = {isa = PBXBuildFile; fileRef = D2C5ABA32BFE228D00817DD3 /* SettingsView.swift */; };
		D2C5ABA62BFE28A300817DD3 /* TimerSettings.swift in Sources */ = {isa = PBXBuildFile; fileRef = D2C5ABA52BFE28A300817DD3 /* TimerSettings.swift */; };
/* End PBXBuildFile section */

/* Begin PBXFileReference section */
		D27B6DAC2BF7C44D00BE118C /* FocusMaster.app */ = {isa = PBXFileReference; explicitFileType = wrapper.application; includeInIndex = 0; path = FocusMaster.app; sourceTree = BUILT_PRODUCTS_DIR; };
		D27B6DAF2BF7C44D00BE118C /* FocusMasterApp.swift */ = {isa = PBXFileReference; lastKnownFileType = sourcecode.swift; path = FocusMasterApp.swift; sourceTree = "<group>"; };
		D27B6DB32BF7C44F00BE118C /* Assets.xcassets */ = {isa = PBXFileReference; lastKnownFileType = folder.assetcatalog; path = Assets.xcassets; sourceTree = "<group>"; };
		D27B6DB62BF7C44F00BE118C /* Preview Assets.xcassets */ = {isa = PBXFileReference; lastKnownFileType = folder.assetcatalog; path = "Preview Assets.xcassets"; sourceTree = "<group>"; };
		D27B6DC32BF8946500BE118C /* stop.mp3 */ = {isa = PBXFileReference; lastKnownFileType = audio.mp3; path = stop.mp3; sourceTree = "<group>"; };
		D2A7AB192BF94A7100E3E58A /* SoundManager.swift */ = {isa = PBXFileReference; fileEncoding = 4; lastKnownFileType = sourcecode.swift; path = SoundManager.swift; sourceTree = "<group>"; };
		D2A7AB1B2BF94A8900E3E58A /* ContentView.swift */ = {isa = PBXFileReference; fileEncoding = 4; lastKnownFileType = sourcecode.swift; path = ContentView.swift; sourceTree = "<group>"; };
		D2A7AB1C2BF94A8900E3E58A /* AddTasks.swift */ = {isa = PBXFileReference; fileEncoding = 4; lastKnownFileType = sourcecode.swift; path = AddTasks.swift; sourceTree = "<group>"; };
		D2A7AB1D2BF94A8900E3E58A /* TimerView.swift */ = {isa = PBXFileReference; fileEncoding = 4; lastKnownFileType = sourcecode.swift; path = TimerView.swift; sourceTree = "<group>"; };
		D2A7AB1E2BF94A8900E3E58A /* TaskView.swift */ = {isa = PBXFileReference; fileEncoding = 4; lastKnownFileType = sourcecode.swift; path = TaskView.swift; sourceTree = "<group>"; };
		D2BC906D2BFB290700D5FBD7 /* TaskModel.swift */ = {isa = PBXFileReference; lastKnownFileType = sourcecode.swift; path = TaskModel.swift; sourceTree = "<group>"; };
		D2BC906F2BFB2E7100D5FBD7 /* TaskDetailScreen.swift */ = {isa = PBXFileReference; lastKnownFileType = sourcecode.swift; path = TaskDetailScreen.swift; sourceTree = "<group>"; };
		D2C5ABA32BFE228D00817DD3 /* SettingsView.swift */ = {isa = PBXFileReference; lastKnownFileType = sourcecode.swift; path = SettingsView.swift; sourceTree = "<group>"; };
		D2C5ABA52BFE28A300817DD3 /* TimerSettings.swift */ = {isa = PBXFileReference; lastKnownFileType = sourcecode.swift; path = TimerSettings.swift; sourceTree = "<group>"; };
		D2C5ABA72BFE570D00817DD3 /* Info.plist */ = {isa = PBXFileReference; lastKnownFileType = text.plist; path = Info.plist; sourceTree = "<group>"; };
/* End PBXFileReference section */

/* Begin PBXFrameworksBuildPhase section */
		D27B6DA92BF7C44D00BE118C /* Frameworks */ = {
			isa = PBXFrameworksBuildPhase;
			buildActionMask = 2147483647;
			files = (
			);
			runOnlyForDeploymentPostprocessing = 0;
		};
/* End PBXFrameworksBuildPhase section */

/* Begin PBXGroup section */
		D27B6DA32BF7C44D00BE118C = {
			isa = PBXGroup;
			children = (
				D27B6DAE2BF7C44D00BE118C /* FocusMaster */,
				D27B6DAD2BF7C44D00BE118C /* Products */,
			);
			sourceTree = "<group>";
		};
		D27B6DAD2BF7C44D00BE118C /* Products */ = {
			isa = PBXGroup;
			children = (
				D27B6DAC2BF7C44D00BE118C /* FocusMaster.app */,
			);
			name = Products;
			sourceTree = "<group>";
		};
		D27B6DAE2BF7C44D00BE118C /* FocusMaster */ = {
			isa = PBXGroup;
			children = (
				D2C5ABA72BFE570D00817DD3 /* Info.plist */,
				D27B6DAF2BF7C44D00BE118C /* FocusMasterApp.swift */,
				D2A7AB1B2BF94A8900E3E58A /* ContentView.swift */,
				D2BC90722BFB3F2400D5FBD7 /* Views */,
				D2BC90712BFB3EFF00D5FBD7 /* Task Model */,
				D2BC90732BFB3FF700D5FBD7 /* Supporting Files */,
				D27B6DB32BF7C44F00BE118C /* Assets.xcassets */,
				D27B6DB52BF7C44F00BE118C /* Preview Content */,
				D27B6DC32BF8946500BE118C /* stop.mp3 */,
			);
			path = FocusMaster;
			sourceTree = "<group>";
		};
		D27B6DB52BF7C44F00BE118C /* Preview Content */ = {
			isa = PBXGroup;
			children = (
				D27B6DB62BF7C44F00BE118C /* Preview Assets.xcassets */,
			);
			path = "Preview Content";
			sourceTree = "<group>";
		};
		D2BC90712BFB3EFF00D5FBD7 /* Task Model */ = {
			isa = PBXGroup;
			children = (
				D2BC906D2BFB290700D5FBD7 /* TaskModel.swift */,
			);
			path = "Task Model";
			sourceTree = "<group>";
		};
		D2BC90722BFB3F2400D5FBD7 /* Views */ = {
			isa = PBXGroup;
			children = (
				D2A7AB1C2BF94A8900E3E58A /* AddTasks.swift */,
				D2A7AB1E2BF94A8900E3E58A /* TaskView.swift */,
				D2A7AB1D2BF94A8900E3E58A /* TimerView.swift */,
				D2BC906F2BFB2E7100D5FBD7 /* TaskDetailScreen.swift */,
				D2C5ABA32BFE228D00817DD3 /* SettingsView.swift */,
			);
			path = Views;
			sourceTree = "<group>";
		};
		D2BC90732BFB3FF700D5FBD7 /* Supporting Files */ = {
			isa = PBXGroup;
			children = (
				D2A7AB192BF94A7100E3E58A /* SoundManager.swift */,
				D2C5ABA52BFE28A300817DD3 /* TimerSettings.swift */,
			);
			path = "Supporting Files";
			sourceTree = "<group>";
		};
/* End PBXGroup section */

/* Begin PBXNativeTarget section */
		D27B6DAB2BF7C44D00BE118C /* FocusMaster */ = {
			isa = PBXNativeTarget;
			buildConfigurationList = D27B6DBA2BF7C44F00BE118C /* Build configuration list for PBXNativeTarget "FocusMaster" */;
			buildPhases = (
				D27B6DA82BF7C44D00BE118C /* Sources */,
				D27B6DA92BF7C44D00BE118C /* Frameworks */,
				D27B6DAA2BF7C44D00BE118C /* Resources */,
			);
			buildRules = (
			);
			dependencies = (
			);
			name = FocusMaster;
			productName = FocusMaster;
			productReference = D27B6DAC2BF7C44D00BE118C /* FocusMaster.app */;
			productType = "com.apple.product-type.application";
		};
/* End PBXNativeTarget section */

/* Begin PBXProject section */
		D27B6DA42BF7C44D00BE118C /* Project object */ = {
			isa = PBXProject;
			attributes = {
				BuildIndependentTargetsInParallel = 1;
				LastSwiftUpdateCheck = 1540;
				LastUpgradeCheck = 1540;
				TargetAttributes = {
					D27B6DAB2BF7C44D00BE118C = {
						CreatedOnToolsVersion = 15.4;
					};
				};
			};
			buildConfigurationList = D27B6DA72BF7C44D00BE118C /* Build configuration list for PBXProject "FocusMaster" */;
			compatibilityVersion = "Xcode 14.0";
			developmentRegion = en;
			hasScannedForEncodings = 0;
			knownRegions = (
				en,
				Base,
			);
			mainGroup = D27B6DA32BF7C44D00BE118C;
			productRefGroup = D27B6DAD2BF7C44D00BE118C /* Products */;
			projectDirPath = "";
			projectRoot = "";
			targets = (
				D27B6DAB2BF7C44D00BE118C /* FocusMaster */,
			);
		};
/* End PBXProject section */

/* Begin PBXResourcesBuildPhase section */
		D27B6DAA2BF7C44D00BE118C /* Resources */ = {
			isa = PBXResourcesBuildPhase;
			buildActionMask = 2147483647;
			files = (
				D27B6DB72BF7C44F00BE118C /* Preview Assets.xcassets in Resources */,
				D27B6DB42BF7C44F00BE118C /* Assets.xcassets in Resources */,
				D27B6DC42BF8946500BE118C /* stop.mp3 in Resources */,
			);
			runOnlyForDeploymentPostprocessing = 0;
		};
/* End PBXResourcesBuildPhase section */

/* Begin PBXSourcesBuildPhase section */
		D27B6DA82BF7C44D00BE118C /* Sources */ = {
			isa = PBXSourcesBuildPhase;
			buildActionMask = 2147483647;
			files = (
				D2C5ABA62BFE28A300817DD3 /* TimerSettings.swift in Sources */,
				D2A7AB212BF94A8900E3E58A /* TimerView.swift in Sources */,
				D2A7AB1F2BF94A8900E3E58A /* ContentView.swift in Sources */,
				D2A7AB1A2BF94A7100E3E58A /* SoundManager.swift in Sources */,
				D2C5ABA42BFE228D00817DD3 /* SettingsView.swift in Sources */,
				D27B6DB02BF7C44D00BE118C /* FocusMasterApp.swift in Sources */,
				D2A7AB222BF94A8900E3E58A /* TaskView.swift in Sources */,
				D2A7AB202BF94A8900E3E58A /* AddTasks.swift in Sources */,
				D2BC906E2BFB290700D5FBD7 /* TaskModel.swift in Sources */,
				D2BC90702BFB2E7100D5FBD7 /* TaskDetailScreen.swift in Sources */,
			);
			runOnlyForDeploymentPostprocessing = 0;
		};
/* End PBXSourcesBuildPhase section */

/* Begin XCBuildConfiguration section */
		D27B6DB82BF7C44F00BE118C /* Debug */ = {
			isa = XCBuildConfiguration;
			buildSettings = {
				ALWAYS_SEARCH_USER_PATHS = NO;
				ASSETCATALOG_COMPILER_GENERATE_SWIFT_ASSET_SYMBOL_EXTENSIONS = YES;
				CLANG_ANALYZER_NONNULL = YES;
				CLANG_ANALYZER_NUMBER_OBJECT_CONVERSION = YES_AGGRESSIVE;
				CLANG_CXX_LANGUAGE_STANDARD = "gnu++20";
				CLANG_ENABLE_MODULES = YES;
				CLANG_ENABLE_OBJC_ARC = YES;
				CLANG_ENABLE_OBJC_WEAK = YES;
				CLANG_WARN_BLOCK_CAPTURE_AUTORELEASING = YES;
				CLANG_WARN_BOOL_CONVERSION = YES;
				CLANG_WARN_COMMA = YES;
				CLANG_WARN_CONSTANT_CONVERSION = YES;
				CLANG_WARN_DEPRECATED_OBJC_IMPLEMENTATIONS = YES;
				CLANG_WARN_DIRECT_OBJC_ISA_USAGE = YES_ERROR;
				CLANG_WARN_DOCUMENTATION_COMMENTS = YES;
				CLANG_WARN_EMPTY_BODY = YES;
				CLANG_WARN_ENUM_CONVERSION = YES;
				CLANG_WARN_INFINITE_RECURSION = YES;
				CLANG_WARN_INT_CONVERSION = YES;
				CLANG_WARN_NON_LITERAL_NULL_CONVERSION = YES;
				CLANG_WARN_OBJC_IMPLICIT_RETAIN_SELF = YES;
				CLANG_WARN_OBJC_LITERAL_CONVERSION = YES;
				CLANG_WARN_OBJC_ROOT_CLASS = YES_ERROR;
				CLANG_WARN_QUOTED_INCLUDE_IN_FRAMEWORK_HEADER = YES;
				CLANG_WARN_RANGE_LOOP_ANALYSIS = YES;
				CLANG_WARN_STRICT_PROTOTYPES = YES;
				CLANG_WARN_SUSPICIOUS_MOVE = YES;
				CLANG_WARN_UNGUARDED_AVAILABILITY = YES_AGGRESSIVE;
				CLANG_WARN_UNREACHABLE_CODE = YES;
				CLANG_WARN__DUPLICATE_METHOD_MATCH = YES;
				COPY_PHASE_STRIP = NO;
				DEBUG_INFORMATION_FORMAT = dwarf;
				ENABLE_STRICT_OBJC_MSGSEND = YES;
				ENABLE_TESTABILITY = YES;
				ENABLE_USER_SCRIPT_SANDBOXING = YES;
				GCC_C_LANGUAGE_STANDARD = gnu17;
				GCC_DYNAMIC_NO_PIC = NO;
				GCC_NO_COMMON_BLOCKS = YES;
				GCC_OPTIMIZATION_LEVEL = 0;
				GCC_PREPROCESSOR_DEFINITIONS = (
					"DEBUG=1",
					"$(inherited)",
				);
				GCC_WARN_64_TO_32_BIT_CONVERSION = YES;
				GCC_WARN_ABOUT_RETURN_TYPE = YES_ERROR;
				GCC_WARN_UNDECLARED_SELECTOR = YES;
				GCC_WARN_UNINITIALIZED_AUTOS = YES_AGGRESSIVE;
				GCC_WARN_UNUSED_FUNCTION = YES;
				GCC_WARN_UNUSED_VARIABLE = YES;
				IPHONEOS_DEPLOYMENT_TARGET = 17.5;
				LOCALIZATION_PREFERS_STRING_CATALOGS = YES;
				MTL_ENABLE_DEBUG_INFO = INCLUDE_SOURCE;
				MTL_FAST_MATH = YES;
				ONLY_ACTIVE_ARCH = YES;
				SDKROOT = iphoneos;
				SWIFT_ACTIVE_COMPILATION_CONDITIONS = "DEBUG $(inherited)";
				SWIFT_OPTIMIZATION_LEVEL = "-Onone";
			};
			name = Debug;
		};
		D27B6DB92BF7C44F00BE118C /* Release */ = {
			isa = XCBuildConfiguration;
			buildSettings = {
				ALWAYS_SEARCH_USER_PATHS = NO;
				ASSETCATALOG_COMPILER_GENERATE_SWIFT_ASSET_SYMBOL_EXTENSIONS = YES;
				CLANG_ANALYZER_NONNULL = YES;
				CLANG_ANALYZER_NUMBER_OBJECT_CONVERSION = YES_AGGRESSIVE;
				CLANG_CXX_LANGUAGE_STANDARD = "gnu++20";
				CLANG_ENABLE_MODULES = YES;
				CLANG_ENABLE_OBJC_ARC = YES;
				CLANG_ENABLE_OBJC_WEAK = YES;
				CLANG_WARN_BLOCK_CAPTURE_AUTORELEASING = YES;
				CLANG_WARN_BOOL_CONVERSION = YES;
				CLANG_WARN_COMMA = YES;
				CLANG_WARN_CONSTANT_CONVERSION = YES;
				CLANG_WARN_DEPRECATED_OBJC_IMPLEMENTATIONS = YES;
				CLANG_WARN_DIRECT_OBJC_ISA_USAGE = YES_ERROR;
				CLANG_WARN_DOCUMENTATION_COMMENTS = YES;
				CLANG_WARN_EMPTY_BODY = YES;
				CLANG_WARN_ENUM_CONVERSION = YES;
				CLANG_WARN_INFINITE_RECURSION = YES;
				CLANG_WARN_INT_CONVERSION = YES;
				CLANG_WARN_NON_LITERAL_NULL_CONVERSION = YES;
				CLANG_WARN_OBJC_IMPLICIT_RETAIN_SELF = YES;
				CLANG_WARN_OBJC_LITERAL_CONVERSION = YES;
				CLANG_WARN_OBJC_ROOT_CLASS = YES_ERROR;
				CLANG_WARN_QUOTED_INCLUDE_IN_FRAMEWORK_HEADER = YES;
				CLANG_WARN_RANGE_LOOP_ANALYSIS = YES;
				CLANG_WARN_STRICT_PROTOTYPES = YES;
				CLANG_WARN_SUSPICIOUS_MOVE = YES;
				CLANG_WARN_UNGUARDED_AVAILABILITY = YES_AGGRESSIVE;
				CLANG_WARN_UNREACHABLE_CODE = YES;
				CLANG_WARN__DUPLICATE_METHOD_MATCH = YES;
				COPY_PHASE_STRIP = NO;
				DEBUG_INFORMATION_FORMAT = "dwarf-with-dsym";
				ENABLE_NS_ASSERTIONS = NO;
				ENABLE_STRICT_OBJC_MSGSEND = YES;
				ENABLE_USER_SCRIPT_SANDBOXING = YES;
				GCC_C_LANGUAGE_STANDARD = gnu17;
				GCC_NO_COMMON_BLOCKS = YES;
				GCC_WARN_64_TO_32_BIT_CONVERSION = YES;
				GCC_WARN_ABOUT_RETURN_TYPE = YES_ERROR;
				GCC_WARN_UNDECLARED_SELECTOR = YES;
				GCC_WARN_UNINITIALIZED_AUTOS = YES_AGGRESSIVE;
				GCC_WARN_UNUSED_FUNCTION = YES;
				GCC_WARN_UNUSED_VARIABLE = YES;
				IPHONEOS_DEPLOYMENT_TARGET = 17.5;
				LOCALIZATION_PREFERS_STRING_CATALOGS = YES;
				MTL_ENABLE_DEBUG_INFO = NO;
				MTL_FAST_MATH = YES;
				SDKROOT = iphoneos;
				SWIFT_COMPILATION_MODE = wholemodule;
				VALIDATE_PRODUCT = YES;
			};
			name = Release;
		};
		D27B6DBB2BF7C44F00BE118C /* Debug */ = {
			isa = XCBuildConfiguration;
			buildSettings = {
				ASSETCATALOG_COMPILER_APPICON_NAME = AppIcon;
				ASSETCATALOG_COMPILER_GLOBAL_ACCENT_COLOR_NAME = AccentColor;
				CODE_SIGN_STYLE = Automatic;
				CURRENT_PROJECT_VERSION = 1;
				DEVELOPMENT_ASSET_PATHS = "\"FocusMaster/Preview Content\"";
				DEVELOPMENT_TEAM = 9P2DNH3C2B;
				ENABLE_PREVIEWS = YES;
				GENERATE_INFOPLIST_FILE = YES;
				INFOPLIST_FILE = FocusMaster/Info.plist;
				INFOPLIST_KEY_UIApplicationSceneManifest_Generation = YES;
				INFOPLIST_KEY_UIApplicationSupportsIndirectInputEvents = YES;
				INFOPLIST_KEY_UILaunchScreen_Generation = YES;
				INFOPLIST_KEY_UISupportedInterfaceOrientations_iPad = "UIInterfaceOrientationPortrait UIInterfaceOrientationPortraitUpsideDown UIInterfaceOrientationLandscapeLeft UIInterfaceOrientationLandscapeRight";
				INFOPLIST_KEY_UISupportedInterfaceOrientations_iPhone = "UIInterfaceOrientationPortrait UIInterfaceOrientationLandscapeLeft UIInterfaceOrientationLandscapeRight";
				LD_RUNPATH_SEARCH_PATHS = (
					"$(inherited)",
					"@executable_path/Frameworks",
				);
				MARKETING_VERSION = 1.0;
				PRODUCT_BUNDLE_IDENTIFIER = me.singh.adarsh.FocusMaster;
				PRODUCT_NAME = "$(TARGET_NAME)";
				SWIFT_EMIT_LOC_STRINGS = YES;
				SWIFT_VERSION = 5.0;
				TARGETED_DEVICE_FAMILY = "1,2";
			};
			name = Debug;
		};
		D27B6DBC2BF7C44F00BE118C /* Release */ = {
			isa = XCBuildConfiguration;
			buildSettings = {
				ASSETCATALOG_COMPILER_APPICON_NAME = AppIcon;
				ASSETCATALOG_COMPILER_GLOBAL_ACCENT_COLOR_NAME = AccentColor;
				CODE_SIGN_STYLE = Automatic;
				CURRENT_PROJECT_VERSION = 1;
				DEVELOPMENT_ASSET_PATHS = "\"FocusMaster/Preview Content\"";
				DEVELOPMENT_TEAM = 9P2DNH3C2B;
				ENABLE_PREVIEWS = YES;
				GENERATE_INFOPLIST_FILE = YES;
				INFOPLIST_FILE = FocusMaster/Info.plist;
				INFOPLIST_KEY_UIApplicationSceneManifest_Generation = YES;
				INFOPLIST_KEY_UIApplicationSupportsIndirectInputEvents = YES;
				INFOPLIST_KEY_UILaunchScreen_Generation = YES;
				INFOPLIST_KEY_UISupportedInterfaceOrientations_iPad = "UIInterfaceOrientationPortrait UIInterfaceOrientationPortraitUpsideDown UIInterfaceOrientationLandscapeLeft UIInterfaceOrientationLandscapeRight";
				INFOPLIST_KEY_UISupportedInterfaceOrientations_iPhone = "UIInterfaceOrientationPortrait UIInterfaceOrientationLandscapeLeft UIInterfaceOrientationLandscapeRight";
				LD_RUNPATH_SEARCH_PATHS = (
					"$(inherited)",
					"@executable_path/Frameworks",
				);
				MARKETING_VERSION = 1.0;
				PRODUCT_BUNDLE_IDENTIFIER = me.singh.adarsh.FocusMaster;
				PRODUCT_NAME = "$(TARGET_NAME)";
				SWIFT_EMIT_LOC_STRINGS = YES;
				SWIFT_VERSION = 5.0;
				TARGETED_DEVICE_FAMILY = "1,2";
			};
			name = Release;
		};
/* End XCBuildConfiguration section */

/* Begin XCConfigurationList section */
		D27B6DA72BF7C44D00BE118C /* Build configuration list for PBXProject "FocusMaster" */ = {
			isa = XCConfigurationList;
			buildConfigurations = (
				D27B6DB82BF7C44F00BE118C /* Debug */,
				D27B6DB92BF7C44F00BE118C /* Release */,
			);
			defaultConfigurationIsVisible = 0;
			defaultConfigurationName = Release;
		};
		D27B6DBA2BF7C44F00BE118C /* Build configuration list for PBXNativeTarget "FocusMaster" */ = {
			isa = XCConfigurationList;
			buildConfigurations = (
				D27B6DBB2BF7C44F00BE118C /* Debug */,
				D27B6DBC2BF7C44F00BE118C /* Release */,
			);
			defaultConfigurationIsVisible = 0;
			defaultConfigurationName = Release;
		};
/* End XCConfigurationList section */
	};
	rootObject = D27B6DA42BF7C44D00BE118C /* Project object */;
}
